Microsoft Visual Studio Solution File, Format Version 12.00
# Visual Studio Version 17
VisualStudioVersion = 17.5.2.0
MinimumVisualStudioVersion = 10.0.40219.1
Project("{2150E333-8FDC-42A3-9474-1A3956D46DE8}") = "backend", "backend", "{1AE8ACA6-933B-BF2A-3671-3E2EAC007D16}"
EndProject
Project("{2150E333-8FDC-42A3-9474-1A3956D46DE8}") = "frontend", "frontend", "{CE609670-85B9-0D16-FB54-ED063D5D8A6D}"
EndProject
Project("{FAE04EC0-301F-11D3-BF4B-00C04F79EFBC}") = "src", "backend\src\src.csproj", "{1F5E3696-FB07-98A6-CD16-A48FE96F1067}"
EndProject
Project("{FAE04EC0-301F-11D3-BF4B-00C04F79EFBC}") = "src", "frontend\src\src.csproj", "{48452129-A071-1772-7AA8-A79AF0AF5BE9}"
EndProject
Global
	GlobalSection(SolutionConfigurationPlatforms) = preSolution
		Debug|Any CPU = Debug|Any CPU
		Release|Any CPU = Release|Any CPU
	EndGlobalSection
	GlobalSection(ProjectConfigurationPlatforms) = postSolution
		{1F5E3696-FB07-98A6-CD16-A48FE96F1067}.Debug|Any CPU.ActiveCfg = Debug|Any CPU
		{1F5E3696-FB07-98A6-CD16-A48FE96F1067}.Debug|Any CPU.Build.0 = Debug|Any CPU
		{1F5E3696-FB07-98A6-CD16-A48FE96F1067}.Release|Any CPU.ActiveCfg = Release|Any CPU
		{1F5E3696-FB07-98A6-CD16-A48FE96F1067}.Release|Any CPU.Build.0 = Release|Any CPU
		{48452129-A071-1772-7AA8-A79AF0AF5BE9}.Debug|Any CPU.ActiveCfg = Debug|Any CPU
		{48452129-A071-1772-7AA8-A79AF0AF5BE9}.Debug|Any CPU.Build.0 = Debug|Any CPU
		{48452129-A071-1772-7AA8-A79AF0AF5BE9}.Release|Any CPU.ActiveCfg = Release|Any CPU
		{48452129-A071-1772-7AA8-A79AF0AF5BE9}.Release|Any CPU.Build.0 = Release|Any CPU
	EndGlobalSection
	GlobalSection(SolutionProperties) = preSolution
		HideSolutionNode = FALSE
	EndGlobalSection
	GlobalSection(NestedProjects) = preSolution
		{1F5E3696-FB07-98A6-CD16-A48FE96F1067} = {1AE8ACA6-933B-BF2A-3671-3E2EAC007D16}
		{48452129-A071-1772-7AA8-A79AF0AF5BE9} = {CE609670-85B9-0D16-FB54-ED063D5D8A6D}
	EndGlobalSection
	GlobalSection(ExtensibilityGlobals) = postSolution
		SolutionGuid = {3093F33F-FB9E-4D20-AFD5-6687B0262289}
	EndGlobalSection
EndGlobal
